// !$*UTF8*$!
{
	archiveVersion = 1;
	classes = {
	};
	objectVersion = 50;
	objects = {

/* Begin PBXBuildFile section */
		F7985150255EF7AD003A0CCF /* BikeStoreApp.swift in Sources */ = {isa = PBXBuildFile; fileRef = F798514F255EF7AD003A0CCF /* BikeStoreApp.swift */; };
		F7985152255EF7AD003A0CCF /* ContentView.swift in Sources */ = {isa = PBXBuildFile; fileRef = F7985151255EF7AD003A0CCF /* ContentView.swift */; };
		F7985154255EF7B3003A0CCF /* Assets.xcassets in Resources */ = {isa = PBXBuildFile; fileRef = F7985153255EF7B3003A0CCF /* Assets.xcassets */; };
		F7985157255EF7B3003A0CCF /* Preview Assets.xcassets in Resources */ = {isa = PBXBuildFile; fileRef = F7985156255EF7B3003A0CCF /* Preview Assets.xcassets */; };
		F7985162255EF7B3003A0CCF /* BikeStoreTests.swift in Sources */ = {isa = PBXBuildFile; fileRef = F7985161255EF7B3003A0CCF /* BikeStoreTests.swift */; };
		F798516D255EF7B3003A0CCF /* BikeStoreUITests.swift in Sources */ = {isa = PBXBuildFile; fileRef = F798516C255EF7B3003A0CCF /* BikeStoreUITests.swift */; };
		F7AD4E7325644ACF00A39A82 /* DataModel.swift in Sources */ = {isa = PBXBuildFile; fileRef = F7AD4E7225644ACF00A39A82 /* DataModel.swift */; };
		F7AD4E7825644B5D00A39A82 /* GlobalObject.swift in Sources */ = {isa = PBXBuildFile; fileRef = F7AD4E7725644B5D00A39A82 /* GlobalObject.swift */; };
/* End PBXBuildFile section */

/* Begin PBXContainerItemProxy section */
		F798515E255EF7B3003A0CCF /* PBXContainerItemProxy */ = {
			isa = PBXContainerItemProxy;
			containerPortal = F7985144255EF7AD003A0CCF /* Project object */;
			proxyType = 1;
			remoteGlobalIDString = F798514B255EF7AD003A0CCF;
			remoteInfo = BikeStore;
		};
		F7985169255EF7B3003A0CCF /* PBXContainerItemProxy */ = {
			isa = PBXContainerItemProxy;
			containerPortal = F7985144255EF7AD003A0CCF /* Project object */;
			proxyType = 1;
			remoteGlobalIDString = F798514B255EF7AD003A0CCF;
			remoteInfo = BikeStore;
		};
/* End PBXContainerItemProxy section */

/* Begin PBXFileReference section */
		F798514C255EF7AD003A0CCF /* BikeStore.app */ = {isa = PBXFileReference; explicitFileType = wrapper.application; includeInIndex = 0; path = BikeStore.app; sourceTree = BUILT_PRODUCTS_DIR; };
		F798514F255EF7AD003A0CCF /* BikeStoreApp.swift */ = {isa = PBXFileReference; lastKnownFileType = sourcecode.swift; path = BikeStoreApp.swift; sourceTree = "<group>"; };
		F7985151255EF7AD003A0CCF /* ContentView.swift */ = {isa = PBXFileReference; lastKnownFileType = sourcecode.swift; path = ContentView.swift; sourceTree = "<group>"; };
		F7985153255EF7B3003A0CCF /* Assets.xcassets */ = {isa = PBXFileReference; lastKnownFileType = folder.assetcatalog; path = Assets.xcassets; sourceTree = "<group>"; };
		F7985156255EF7B3003A0CCF /* Preview Assets.xcassets */ = {isa = PBXFileReference; lastKnownFileType = folder.assetcatalog; path = "Preview Assets.xcassets"; sourceTree = "<group>"; };
		F7985158255EF7B3003A0CCF /* Info.plist */ = {isa = PBXFileReference; lastKnownFileType = text.plist.xml; path = Info.plist; sourceTree = "<group>"; };
		F798515D255EF7B3003A0CCF /* BikeStoreTests.xctest */ = {isa = PBXFileReference; explicitFileType = wrapper.cfbundle; includeInIndex = 0; path = BikeStoreTests.xctest; sourceTree = BUILT_PRODUCTS_DIR; };
		F7985161255EF7B3003A0CCF /* BikeStoreTests.swift */ = {isa = PBXFileReference; lastKnownFileType = sourcecode.swift; path = BikeStoreTests.swift; sourceTree = "<group>"; };
		F7985163255EF7B3003A0CCF /* Info.plist */ = {isa = PBXFileReference; lastKnownFileType = text.plist.xml; path = Info.plist; sourceTree = "<group>"; };
		F7985168255EF7B3003A0CCF /* BikeStoreUITests.xctest */ = {isa = PBXFileReference; explicitFileType = wrapper.cfbundle; includeInIndex = 0; path = BikeStoreUITests.xctest; sourceTree = BUILT_PRODUCTS_DIR; };
		F798516C255EF7B3003A0CCF /* BikeStoreUITests.swift */ = {isa = PBXFileReference; lastKnownFileType = sourcecode.swift; path = BikeStoreUITests.swift; sourceTree = "<group>"; };
		F798516E255EF7B3003A0CCF /* Info.plist */ = {isa = PBXFileReference; lastKnownFileType = text.plist.xml; path = Info.plist; sourceTree = "<group>"; };
		F7AD4E7225644ACF00A39A82 /* DataModel.swift */ = {isa = PBXFileReference; lastKnownFileType = sourcecode.swift; path = DataModel.swift; sourceTree = "<group>"; };
		F7AD4E7725644B5D00A39A82 /* GlobalObject.swift */ = {isa = PBXFileReference; lastKnownFileType = sourcecode.swift; path = GlobalObject.swift; sourceTree = "<group>"; };
/* End PBXFileReference section */

/* Begin PBXFrameworksBuildPhase section */
		F7985149255EF7AD003A0CCF /* Frameworks */ = {
			isa = PBXFrameworksBuildPhase;
			buildActionMask = 2147483647;
			files = (
			);
			runOnlyForDeploymentPostprocessing = 0;
		};
		F798515A255EF7B3003A0CCF /* Frameworks */ = {
			isa = PBXFrameworksBuildPhase;
			buildActionMask = 2147483647;
			files = (
			);
			runOnlyForDeploymentPostprocessing = 0;
		};
		F7985165255EF7B3003A0CCF /* Frameworks */ = {
			isa = PBXFrameworksBuildPhase;
			buildActionMask = 2147483647;
			files = (
			);
			runOnlyForDeploymentPostprocessing = 0;
		};
/* End PBXFrameworksBuildPhase section */

/* Begin PBXGroup section */
		F7985143255EF7AD003A0CCF = {
			isa = PBXGroup;
			children = (
				F798514E255EF7AD003A0CCF /* BikeStore */,
				F7985160255EF7B3003A0CCF /* BikeStoreTests */,
				F798516B255EF7B3003A0CCF /* BikeStoreUITests */,
				F798514D255EF7AD003A0CCF /* Products */,
			);
			sourceTree = "<group>";
		};
		F798514D255EF7AD003A0CCF /* Products */ = {
			isa = PBXGroup;
			children = (
				F798514C255EF7AD003A0CCF /* BikeStore.app */,
				F798515D255EF7B3003A0CCF /* BikeStoreTests.xctest */,
				F7985168255EF7B3003A0CCF /* BikeStoreUITests.xctest */,
			);
			name = Products;
			sourceTree = "<group>";
		};
		F798514E255EF7AD003A0CCF /* BikeStore */ = {
			isa = PBXGroup;
			children = (
				F798514F255EF7AD003A0CCF /* BikeStoreApp.swift */,
				F7985151255EF7AD003A0CCF /* ContentView.swift */,
				F7985153255EF7B3003A0CCF /* Assets.xcassets */,
				F7985158255EF7B3003A0CCF /* Info.plist */,
				F7985155255EF7B3003A0CCF /* Preview Content */,
				F7AD4E7225644ACF00A39A82 /* DataModel.swift */,
				F7AD4E7725644B5D00A39A82 /* GlobalObject.swift */,
			);
			path = BikeStore;
			sourceTree = "<group>";
		};
		F7985155255EF7B3003A0CCF /* Preview Content */ = {
			isa = PBXGroup;
			children = (
				F7985156255EF7B3003A0CCF /* Preview Assets.xcassets */,
			);
			path = "Preview Content";
			sourceTree = "<group>";
		};
		F7985160255EF7B3003A0CCF /* BikeStoreTests */ = {
			isa = PBXGroup;
			children = (
				F7985161255EF7B3003A0CCF /* BikeStoreTests.swift */,
				F7985163255EF7B3003A0CCF /* Info.plist */,
			);
			path = BikeStoreTests;
			sourceTree = "<group>";
		};
		F798516B255EF7B3003A0CCF /* BikeStoreUITests */ = {
			isa = PBXGroup;
			children = (
				F798516C255EF7B3003A0CCF /* BikeStoreUITests.swift */,
				F798516E255EF7B3003A0CCF /* Info.plist */,
			);
			path = BikeStoreUITests;
			sourceTree = "<group>";
		};
/* End PBXGroup section */

/* Begin PBXNativeTarget section */
		F798514B255EF7AD003A0CCF /* BikeStore */ = {
			isa = PBXNativeTarget;
			buildConfigurationList = F7985171255EF7B3003A0CCF /* Build configuration list for PBXNativeTarget "BikeStore" */;
			buildPhases = (
				F7985148255EF7AD003A0CCF /* Sources */,
				F7985149255EF7AD003A0CCF /* Frameworks */,
				F798514A255EF7AD003A0CCF /* Resources */,
			);
			buildRules = (
			);
			dependencies = (
			);
			name = BikeStore;
			productName = BikeStore;
			productReference = F798514C255EF7AD003A0CCF /* BikeStore.app */;
			productType = "com.apple.product-type.application";
		};
		F798515C255EF7B3003A0CCF /* BikeStoreTests */ = {
			isa = PBXNativeTarget;
			buildConfigurationList = F7985174255EF7B3003A0CCF /* Build configuration list for PBXNativeTarget "BikeStoreTests" */;
			buildPhases = (
				F7985159255EF7B3003A0CCF /* Sources */,
				F798515A255EF7B3003A0CCF /* Frameworks */,
				F798515B255EF7B3003A0CCF /* Resources */,
			);
			buildRules = (
			);
			dependencies = (
				F798515F255EF7B3003A0CCF /* PBXTargetDependency */,
			);
			name = BikeStoreTests;
			productName = BikeStoreTests;
			productReference = F798515D255EF7B3003A0CCF /* BikeStoreTests.xctest */;
			productType = "com.apple.product-type.bundle.unit-test";
		};
		F7985167255EF7B3003A0CCF /* BikeStoreUITests */ = {
			isa = PBXNativeTarget;
			buildConfigurationList = F7985177255EF7B3003A0CCF /* Build configuration list for PBXNativeTarget "BikeStoreUITests" */;
			buildPhases = (
				F7985164255EF7B3003A0CCF /* Sources */,
				F7985165255EF7B3003A0CCF /* Frameworks */,
				F7985166255EF7B3003A0CCF /* Resources */,
			);
			buildRules = (
			);
			dependencies = (
				F798516A255EF7B3003A0CCF /* PBXTargetDependency */,
			);
			name = BikeStoreUITests;
			productName = BikeStoreUITests;
			productReference = F7985168255EF7B3003A0CCF /* BikeStoreUITests.xctest */;
			productType = "com.apple.product-type.bundle.ui-testing";
		};
/* End PBXNativeTarget section */

/* Begin PBXProject section */
		F7985144255EF7AD003A0CCF /* Project object */ = {
			isa = PBXProject;
			attributes = {
				LastSwiftUpdateCheck = 1220;
				LastUpgradeCheck = 1220;
				TargetAttributes = {
					F798514B255EF7AD003A0CCF = {
						CreatedOnToolsVersion = 12.2;
					};
					F798515C255EF7B3003A0CCF = {
						CreatedOnToolsVersion = 12.2;
						TestTargetID = F798514B255EF7AD003A0CCF;
					};
					F7985167255EF7B3003A0CCF = {
						CreatedOnToolsVersion = 12.2;
						TestTargetID = F798514B255EF7AD003A0CCF;
					};
				};
			};
			buildConfigurationList = F7985147255EF7AD003A0CCF /* Build configuration list for PBXProject "BikeStore" */;
			compatibilityVersion = "Xcode 9.3";
			developmentRegion = en;
			hasScannedForEncodings = 0;
			knownRegions = (
				en,
				Base,
			);
			mainGroup = F7985143255EF7AD003A0CCF;
			productRefGroup = F798514D255EF7AD003A0CCF /* Products */;
			projectDirPath = "";
			projectRoot = "";
			targets = (
				F798514B255EF7AD003A0CCF /* BikeStore */,
				F798515C255EF7B3003A0CCF /* BikeStoreTests */,
				F7985167255EF7B3003A0CCF /* BikeStoreUITests */,
			);
		};
/* End PBXProject section */

/* Begin PBXResourcesBuildPhase section */
		F798514A255EF7AD003A0CCF /* Resources */ = {
			isa = PBXResourcesBuildPhase;
			buildActionMask = 2147483647;
			files = (
				F7985157255EF7B3003A0CCF /* Preview Assets.xcassets in Resources */,
				F7985154255EF7B3003A0CCF /* Assets.xcassets in Resources */,
			);
			runOnlyForDeploymentPostprocessing = 0;
		};
		F798515B255EF7B3003A0CCF /* Resources */ = {
			isa = PBXResourcesBuildPhase;
			buildActionMask = 2147483647;
			files = (
			);
			runOnlyForDeploymentPostprocessing = 0;
		};
		F7985166255EF7B3003A0CCF /* Resources */ = {
			isa = PBXResourcesBuildPhase;
			buildActionMask = 2147483647;
			files = (
			);
			runOnlyForDeploymentPostprocessing = 0;
		};
/* End PBXResourcesBuildPhase section */

/* Begin PBXSourcesBuildPhase section */
		F7985148255EF7AD003A0CCF /* Sources */ = {
			isa = PBXSourcesBuildPhase;
			buildActionMask = 2147483647;
			files = (
				F7985152255EF7AD003A0CCF /* ContentView.swift in Sources */,
				F7AD4E7825644B5D00A39A82 /* GlobalObject.swift in Sources */,
				F7985150255EF7AD003A0CCF /* BikeStoreApp.swift in Sources */,
				F7AD4E7325644ACF00A39A82 /* DataModel.swift in Sources */,
			);
			runOnlyForDeploymentPostprocessing = 0;
		};
		F7985159255EF7B3003A0CCF /* Sources */ = {
			isa = PBXSourcesBuildPhase;
			buildActionMask = 2147483647;
			files = (
				F7985162255EF7B3003A0CCF /* BikeStoreTests.swift in Sources */,
			);
			runOnlyForDeploymentPostprocessing = 0;
		};
		F7985164255EF7B3003A0CCF /* Sources */ = {
			isa = PBXSourcesBuildPhase;
			buildActionMask = 2147483647;
			files = (
				F798516D255EF7B3003A0CCF /* BikeStoreUITests.swift in Sources */,
			);
			runOnlyForDeploymentPostprocessing = 0;
		};
/* End PBXSourcesBuildPhase section */

/* Begin PBXTargetDependency section */
		F798515F255EF7B3003A0CCF /* PBXTargetDependency */ = {
			isa = PBXTargetDependency;
			target = F798514B255EF7AD003A0CCF /* BikeStore */;
			targetProxy = F798515E255EF7B3003A0CCF /* PBXContainerItemProxy */;
		};
		F798516A255EF7B3003A0CCF /* PBXTargetDependency */ = {
			isa = PBXTargetDependency;
			target = F798514B255EF7AD003A0CCF /* BikeStore */;
			targetProxy = F7985169255EF7B3003A0CCF /* PBXContainerItemProxy */;
		};
/* End PBXTargetDependency section */

/* Begin XCBuildConfiguration section */
		F798516F255EF7B3003A0CCF /* Debug */ = {
			isa = XCBuildConfiguration;
			buildSettings = {
				ALWAYS_SEARCH_USER_PATHS = NO;
				CLANG_ANALYZER_NONNULL = YES;
				CLANG_ANALYZER_NUMBER_OBJECT_CONVERSION = YES_AGGRESSIVE;
				CLANG_CXX_LANGUAGE_STANDARD = "gnu++14";
				CLANG_CXX_LIBRARY = "libc++";
				CLANG_ENABLE_MODULES = YES;
				CLANG_ENABLE_OBJC_ARC = YES;
				CLANG_ENABLE_OBJC_WEAK = YES;
				CLANG_WARN_BLOCK_CAPTURE_AUTORELEASING = YES;
				CLANG_WARN_BOOL_CONVERSION = YES;
				CLANG_WARN_COMMA = YES;
				CLANG_WARN_CONSTANT_CONVERSION = YES;
				CLANG_WARN_DEPRECATED_OBJC_IMPLEMENTATIONS = YES;
				CLANG_WARN_DIRECT_OBJC_ISA_USAGE = YES_ERROR;
				CLANG_WARN_DOCUMENTATION_COMMENTS = YES;
				CLANG_WARN_EMPTY_BODY = YES;
				CLANG_WARN_ENUM_CONVERSION = YES;
				CLANG_WARN_INFINITE_RECURSION = YES;
				CLANG_WARN_INT_CONVERSION = YES;
				CLANG_WARN_NON_LITERAL_NULL_CONVERSION = YES;
				CLANG_WARN_OBJC_IMPLICIT_RETAIN_SELF = YES;
				CLANG_WARN_OBJC_LITERAL_CONVERSION = YES;
				CLANG_WARN_OBJC_ROOT_CLASS = YES_ERROR;
				CLANG_WARN_QUOTED_INCLUDE_IN_FRAMEWORK_HEADER = YES;
				CLANG_WARN_RANGE_LOOP_ANALYSIS = YES;
				CLANG_WARN_STRICT_PROTOTYPES = YES;
				CLANG_WARN_SUSPICIOUS_MOVE = YES;
				CLANG_WARN_UNGUARDED_AVAILABILITY = YES_AGGRESSIVE;
				CLANG_WARN_UNREACHABLE_CODE = YES;
				CLANG_WARN__DUPLICATE_METHOD_MATCH = YES;
				COPY_PHASE_STRIP = NO;
				DEBUG_INFORMATION_FORMAT = dwarf;
				ENABLE_STRICT_OBJC_MSGSEND = YES;
				ENABLE_TESTABILITY = YES;
				GCC_C_LANGUAGE_STANDARD = gnu11;
				GCC_DYNAMIC_NO_PIC = NO;
				GCC_NO_COMMON_BLOCKS = YES;
				GCC_OPTIMIZATION_LEVEL = 0;
				GCC_PREPROCESSOR_DEFINITIONS = (
					"DEBUG=1",
					"$(inherited)",
				);
				GCC_WARN_64_TO_32_BIT_CONVERSION = YES;
				GCC_WARN_ABOUT_RETURN_TYPE = YES_ERROR;
				GCC_WARN_UNDECLARED_SELECTOR = YES;
				GCC_WARN_UNINITIALIZED_AUTOS = YES_AGGRESSIVE;
				GCC_WARN_UNUSED_FUNCTION = YES;
				GCC_WARN_UNUSED_VARIABLE = YES;
				IPHONEOS_DEPLOYMENT_TARGET = 14.2;
				MTL_ENABLE_DEBUG_INFO = INCLUDE_SOURCE;
				MTL_FAST_MATH = YES;
				ONLY_ACTIVE_ARCH = YES;
				SDKROOT = iphoneos;
				SWIFT_ACTIVE_COMPILATION_CONDITIONS = DEBUG;
				SWIFT_OPTIMIZATION_LEVEL = "-Onone";
			};
			name = Debug;
		};
		F7985170255EF7B3003A0CCF /* Release */ = {
			isa = XCBuildConfiguration;
			buildSettings = {
				ALWAYS_SEARCH_USER_PATHS = NO;
				CLANG_ANALYZER_NONNULL = YES;
				CLANG_ANALYZER_NUMBER_OBJECT_CONVERSION = YES_AGGRESSIVE;
				CLANG_CXX_LANGUAGE_STANDARD = "gnu++14";
				CLANG_CXX_LIBRARY = "libc++";
				CLANG_ENABLE_MODULES = YES;
				CLANG_ENABLE_OBJC_ARC = YES;
				CLANG_ENABLE_OBJC_WEAK = YES;
				CLANG_WARN_BLOCK_CAPTURE_AUTORELEASING = YES;
				CLANG_WARN_BOOL_CONVERSION = YES;
				CLANG_WARN_COMMA = YES;
				CLANG_WARN_CONSTANT_CONVERSION = YES;
				CLANG_WARN_DEPRECATED_OBJC_IMPLEMENTATIONS = YES;
				CLANG_WARN_DIRECT_OBJC_ISA_USAGE = YES_ERROR;
				CLANG_WARN_DOCUMENTATION_COMMENTS = YES;
				CLANG_WARN_EMPTY_BODY = YES;
				CLANG_WARN_ENUM_CONVERSION = YES;
				CLANG_WARN_INFINITE_RECURSION = YES;
				CLANG_WARN_INT_CONVERSION = YES;
				CLANG_WARN_NON_LITERAL_NULL_CONVERSION = YES;
				CLANG_WARN_OBJC_IMPLICIT_RETAIN_SELF = YES;
				CLANG_WARN_OBJC_LITERAL_CONVERSION = YES;
				CLANG_WARN_OBJC_ROOT_CLASS = YES_ERROR;
				CLANG_WARN_QUOTED_INCLUDE_IN_FRAMEWORK_HEADER = YES;
				CLANG_WARN_RANGE_LOOP_ANALYSIS = YES;
				CLANG_WARN_STRICT_PROTOTYPES = YES;
				CLANG_WARN_SUSPICIOUS_MOVE = YES;
				CLANG_WARN_UNGUARDED_AVAILABILITY = YES_AGGRESSIVE;
				CLANG_WARN_UNREACHABLE_CODE = YES;
				CLANG_WARN__DUPLICATE_METHOD_MATCH = YES;
				COPY_PHASE_STRIP = NO;
				DEBUG_INFORMATION_FORMAT = "dwarf-with-dsym";
				ENABLE_NS_ASSERTIONS = NO;
				ENABLE_STRICT_OBJC_MSGSEND = YES;
				GCC_C_LANGUAGE_STANDARD = gnu11;
				GCC_NO_COMMON_BLOCKS = YES;
				GCC_WARN_64_TO_32_BIT_CONVERSION = YES;
				GCC_WARN_ABOUT_RETURN_TYPE = YES_ERROR;
				GCC_WARN_UNDECLARED_SELECTOR = YES;
				GCC_WARN_UNINITIALIZED_AUTOS = YES_AGGRESSIVE;
				GCC_WARN_UNUSED_FUNCTION = YES;
				GCC_WARN_UNUSED_VARIABLE = YES;
				IPHONEOS_DEPLOYMENT_TARGET = 14.2;
				MTL_ENABLE_DEBUG_INFO = NO;
				MTL_FAST_MATH = YES;
				SDKROOT = iphoneos;
				SWIFT_COMPILATION_MODE = wholemodule;
				SWIFT_OPTIMIZATION_LEVEL = "-O";
				VALIDATE_PRODUCT = YES;
			};
			name = Release;
		};
		F7985172255EF7B3003A0CCF /* Debug */ = {
			isa = XCBuildConfiguration;
			buildSettings = {
				ASSETCATALOG_COMPILER_APPICON_NAME = AppIcon;
				ASSETCATALOG_COMPILER_GLOBAL_ACCENT_COLOR_NAME = AccentColor;
				CODE_SIGN_STYLE = Automatic;
				DEVELOPMENT_ASSET_PATHS = "\"BikeStore/Preview Content\"";
				DEVELOPMENT_TEAM = UM5JNC6JYW;
				ENABLE_PREVIEWS = YES;
				INFOPLIST_FILE = BikeStore/Info.plist;
				IPHONEOS_DEPLOYMENT_TARGET = 14.0;
				LD_RUNPATH_SEARCH_PATHS = (
					"$(inherited)",
					"@executable_path/Frameworks",
				);
				PRODUCT_BUNDLE_IDENTIFIER = com.BikeStore;
				PRODUCT_NAME = "$(TARGET_NAME)";
				SWIFT_VERSION = 5.0;
				TARGETED_DEVICE_FAMILY = "1,2";
			};
			name = Debug;
		};
		F7985173255EF7B3003A0CCF /* Release */ = {
			isa = XCBuildConfiguration;
			buildSettings = {
				ASSETCATALOG_COMPILER_APPICON_NAME = AppIcon;
				ASSETCATALOG_COMPILER_GLOBAL_ACCENT_COLOR_NAME = AccentColor;
				CODE_SIGN_STYLE = Automatic;
				DEVELOPMENT_ASSET_PATHS = "\"BikeStore/Preview Content\"";
				DEVELOPMENT_TEAM = UM5JNC6JYW;
				ENABLE_PREVIEWS = YES;
				INFOPLIST_FILE = BikeStore/Info.plist;
				IPHONEOS_DEPLOYMENT_TARGET = 14.0;
				LD_RUNPATH_SEARCH_PATHS = (
					"$(inherited)",
					"@executable_path/Frameworks",
				);
				PRODUCT_BUNDLE_IDENTIFIER = com.BikeStore;
				PRODUCT_NAME = "$(TARGET_NAME)";
				SWIFT_VERSION = 5.0;
				TARGETED_DEVICE_FAMILY = "1,2";
			};
			name = Release;
		};
		F7985175255EF7B3003A0CCF /* Debug */ = {
			isa = XCBuildConfiguration;
			buildSettings = {
				ALWAYS_EMBED_SWIFT_STANDARD_LIBRARIES = YES;
				BUNDLE_LOADER = "$(TEST_HOST)";
				CODE_SIGN_STYLE = Automatic;
				DEVELOPMENT_TEAM = UM5JNC6JYW;
				INFOPLIST_FILE = BikeStoreTests/Info.plist;
				IPHONEOS_DEPLOYMENT_TARGET = 14.0;
				LD_RUNPATH_SEARCH_PATHS = (
					"$(inherited)",
					"@executable_path/Frameworks",
					"@loader_path/Frameworks",
				);
				PRODUCT_BUNDLE_IDENTIFIER = com.BikeStoreTests;
				PRODUCT_NAME = "$(TARGET_NAME)";
				SWIFT_VERSION = 5.0;
				TARGETED_DEVICE_FAMILY = "1,2";
				TEST_HOST = "$(BUILT_PRODUCTS_DIR)/BikeStore.app/BikeStore";
			};
			name = Debug;
		};
		F7985176255EF7B3003A0CCF /* Release */ = {
			isa = XCBuildConfiguration;
			buildSettings = {
				ALWAYS_EMBED_SWIFT_STANDARD_LIBRARIES = YES;
				BUNDLE_LOADER = "$(TEST_HOST)";
				CODE_SIGN_STYLE = Automatic;
				DEVELOPMENT_TEAM = UM5JNC6JYW;
				INFOPLIST_FILE = BikeStoreTests/Info.plist;
				IPHONEOS_DEPLOYMENT_TARGET = 14.0;
				LD_RUNPATH_SEARCH_PATHS = (
					"$(inherited)",
					"@executable_path/Frameworks",
					"@loader_path/Frameworks",
				);
				PRODUCT_BUNDLE_IDENTIFIER = com.BikeStoreTests;
				PRODUCT_NAME = "$(TARGET_NAME)";
				SWIFT_VERSION = 5.0;
				TARGETED_DEVICE_FAMILY = "1,2";
				TEST_HOST = "$(BUILT_PRODUCTS_DIR)/BikeStore.app/BikeStore";
			};
			name = Release;
		};
		F7985178255EF7B3003A0CCF /* Debug */ = {
			isa = XCBuildConfiguration;
			buildSettings = {
				ALWAYS_EMBED_SWIFT_STANDARD_LIBRARIES = YES;
				CODE_SIGN_STYLE = Automatic;
				DEVELOPMENT_TEAM = UM5JNC6JYW;
				INFOPLIST_FILE = BikeStoreUITests/Info.plist;
				LD_RUNPATH_SEARCH_PATHS = (
					"$(inherited)",
					"@executable_path/Frameworks",
					"@loader_path/Frameworks",
				);
				PRODUCT_BUNDLE_IDENTIFIER = com.BikeStoreUITests;
				PRODUCT_NAME = "$(TARGET_NAME)";
				SWIFT_VERSION = 5.0;
				TARGETED_DEVICE_FAMILY = "1,2";
				TEST_TARGET_NAME = BikeStore;
			};
			name = Debug;
		};
		F7985179255EF7B3003A0CCF /* Release */ = {
			isa = XCBuildConfiguration;
			buildSettings = {
				ALWAYS_EMBED_SWIFT_STANDARD_LIBRARIES = YES;
				CODE_SIGN_STYLE = Automatic;
				DEVELOPMENT_TEAM = UM5JNC6JYW;
				INFOPLIST_FILE = BikeStoreUITests/Info.plist;
				LD_RUNPATH_SEARCH_PATHS = (
					"$(inherited)",
					"@executable_path/Frameworks",
					"@loader_path/Frameworks",
				);
				PRODUCT_BUNDLE_IDENTIFIER = com.BikeStoreUITests;
				PRODUCT_NAME = "$(TARGET_NAME)";
				SWIFT_VERSION = 5.0;
				TARGETED_DEVICE_FAMILY = "1,2";
				TEST_TARGET_NAME = BikeStore;
			};
			name = Release;
		};
/* End XCBuildConfiguration section */

/* Begin XCConfigurationList section */
		F7985147255EF7AD003A0CCF /* Build configuration list for PBXProject "BikeStore" */ = {
			isa = XCConfigurationList;
			buildConfigurations = (
				F798516F255EF7B3003A0CCF /* Debug */,
				F7985170255EF7B3003A0CCF /* Release */,
			);
			defaultConfigurationIsVisible = 0;
			defaultConfigurationName = Release;
		};
		F7985171255EF7B3003A0CCF /* Build configuration list for PBXNativeTarget "BikeStore" */ = {
			isa = XCConfigurationList;
			buildConfigurations = (
				F7985172255EF7B3003A0CCF /* Debug */,
				F7985173255EF7B3003A0CCF /* Release */,
			);
			defaultConfigurationIsVisible = 0;
			defaultConfigurationName = Release;
		};
		F7985174255EF7B3003A0CCF /* Build configuration list for PBXNativeTarget "BikeStoreTests" */ = {
			isa = XCConfigurationList;
			buildConfigurations = (
				F7985175255EF7B3003A0CCF /* Debug */,
				F7985176255EF7B3003A0CCF /* Release */,
			);
			defaultConfigurationIsVisible = 0;
			defaultConfigurationName = Release;
		};
		F7985177255EF7B3003A0CCF /* Build configuration list for PBXNativeTarget "BikeStoreUITests" */ = {
			isa = XCConfigurationList;
			buildConfigurations = (
				F7985178255EF7B3003A0CCF /* Debug */,
				F7985179255EF7B3003A0CCF /* Release */,
			);
			defaultConfigurationIsVisible = 0;
			defaultConfigurationName = Release;
		};
/* End XCConfigurationList section */
	};
	rootObject = F7985144255EF7AD003A0CCF /* Project object */;
}
